// !$*UTF8*$!
{
	archiveVersion = 1;
	classes = {
	};
	objectVersion = 56;
	objects = {

/* Begin PBXBuildFile section */
		18779CB82A4DE39600180E4D /* AgentsOptionsCell.swift in Sources */ = {isa = PBXBuildFile; fileRef = 18779CB52A4DE39600180E4D /* AgentsOptionsCell.swift */; };
		18779CB92A4DE39600180E4D /* AgentsOptionsCell.xib in Resources */ = {isa = PBXBuildFile; fileRef = 18779CB62A4DE39600180E4D /* AgentsOptionsCell.xib */; };
		18779CBA2A4DE39600180E4D /* AgentsVC.swift in Sources */ = {isa = PBXBuildFile; fileRef = 18779CB72A4DE39600180E4D /* AgentsVC.swift */; };
		18779CBD2A4DE3BE00180E4D /* Agent.storyboard in Resources */ = {isa = PBXBuildFile; fileRef = 18779CBC2A4DE3BE00180E4D /* Agent.storyboard */; };
		18779CC32A4DE4E400180E4D /* SearchDetailVC.swift in Sources */ = {isa = PBXBuildFile; fileRef = 18779CBF2A4DE4E300180E4D /* SearchDetailVC.swift */; };
		18779CC42A4DE4E400180E4D /* FilterVC.swift in Sources */ = {isa = PBXBuildFile; fileRef = 18779CC02A4DE4E400180E4D /* FilterVC.swift */; };
		18779CC52A4DE4E400180E4D /* PropertyDetailVC.swift in Sources */ = {isa = PBXBuildFile; fileRef = 18779CC12A4DE4E400180E4D /* PropertyDetailVC.swift */; };
		18779CCD2A4DE50100180E4D /* AdditionalDetailCell.xib in Resources */ = {isa = PBXBuildFile; fileRef = 18779CC72A4DE50100180E4D /* AdditionalDetailCell.xib */; };
		18779CCE2A4DE50100180E4D /* FilterTypeCell.swift in Sources */ = {isa = PBXBuildFile; fileRef = 18779CC82A4DE50100180E4D /* FilterTypeCell.swift */; };
		18779CCF2A4DE50100180E4D /* FilterOptionCell.swift in Sources */ = {isa = PBXBuildFile; fileRef = 18779CC92A4DE50100180E4D /* FilterOptionCell.swift */; };
		18779CD02A4DE50100180E4D /* AdditionalDetailCell.swift in Sources */ = {isa = PBXBuildFile; fileRef = 18779CCA2A4DE50100180E4D /* AdditionalDetailCell.swift */; };
		18779CD12A4DE50100180E4D /* FilterTypeCell.xib in Resources */ = {isa = PBXBuildFile; fileRef = 18779CCB2A4DE50100180E4D /* FilterTypeCell.xib */; };
		18779CD22A4DE50100180E4D /* FilterOptionCell.xib in Resources */ = {isa = PBXBuildFile; fileRef = 18779CCC2A4DE50100180E4D /* FilterOptionCell.xib */; };
		18779CD52A4DE51600180E4D /* PropertyImagesCell.swift in Sources */ = {isa = PBXBuildFile; fileRef = 18779CD32A4DE51600180E4D /* PropertyImagesCell.swift */; };
		18779CD62A4DE51600180E4D /* PropertyImagesCell.xib in Resources */ = {isa = PBXBuildFile; fileRef = 18779CD42A4DE51600180E4D /* PropertyImagesCell.xib */; };
		2610F90A2A42284E00FE1738 /* AppDelegate.swift in Sources */ = {isa = PBXBuildFile; fileRef = 2610F9092A42284E00FE1738 /* AppDelegate.swift */; };
		2610F90C2A42284E00FE1738 /* SceneDelegate.swift in Sources */ = {isa = PBXBuildFile; fileRef = 2610F90B2A42284E00FE1738 /* SceneDelegate.swift */; };
		2610F90E2A42284E00FE1738 /* ViewController.swift in Sources */ = {isa = PBXBuildFile; fileRef = 2610F90D2A42284E00FE1738 /* ViewController.swift */; };
		2610F9112A42284E00FE1738 /* Main.storyboard in Resources */ = {isa = PBXBuildFile; fileRef = 2610F90F2A42284E00FE1738 /* Main.storyboard */; };
		2610F9132A42285100FE1738 /* Assets.xcassets in Resources */ = {isa = PBXBuildFile; fileRef = 2610F9122A42285100FE1738 /* Assets.xcassets */; };
		2610F9162A42285100FE1738 /* LaunchScreen.storyboard in Resources */ = {isa = PBXBuildFile; fileRef = 2610F9142A42285100FE1738 /* LaunchScreen.storyboard */; };
		2610F9252A4228B200FE1738 /* ImageCustom.swift in Sources */ = {isa = PBXBuildFile; fileRef = 2610F91E2A4228B200FE1738 /* ImageCustom.swift */; };
		2610F9262A4228B200FE1738 /* ViewCustom.swift in Sources */ = {isa = PBXBuildFile; fileRef = 2610F91F2A4228B200FE1738 /* ViewCustom.swift */; };
		2610F9272A4228B200FE1738 /* LabelCustom.swift in Sources */ = {isa = PBXBuildFile; fileRef = 2610F9202A4228B200FE1738 /* LabelCustom.swift */; };
		2610F9282A4228B200FE1738 /* DownloadCircularProgessView.swift in Sources */ = {isa = PBXBuildFile; fileRef = 2610F9212A4228B200FE1738 /* DownloadCircularProgessView.swift */; };
		2610F9292A4228B200FE1738 /* TextFieldCustom.swift in Sources */ = {isa = PBXBuildFile; fileRef = 2610F9222A4228B200FE1738 /* TextFieldCustom.swift */; };
		2610F92A2A4228B200FE1738 /* CustomPageControlView.swift in Sources */ = {isa = PBXBuildFile; fileRef = 2610F9232A4228B200FE1738 /* CustomPageControlView.swift */; };
		2610F92B2A4228B200FE1738 /* ButtonCustom.swift in Sources */ = {isa = PBXBuildFile; fileRef = 2610F9242A4228B200FE1738 /* ButtonCustom.swift */; };
		2610F9312A4229EF00FE1738 /* Jua-Regular.ttf in Resources */ = {isa = PBXBuildFile; fileRef = 2610F92F2A4229EF00FE1738 /* Jua-Regular.ttf */; };
		26183CB32A514B2F0038108B /* SavePropertyVC.swift in Sources */ = {isa = PBXBuildFile; fileRef = 26183CB22A514B2F0038108B /* SavePropertyVC.swift */; };
		26183CB62A514BAB0038108B /* TextFieldTblCell.swift in Sources */ = {isa = PBXBuildFile; fileRef = 26183CB42A514BAB0038108B /* TextFieldTblCell.swift */; };
		26183CB72A514BAB0038108B /* TextFieldTblCell.xib in Resources */ = {isa = PBXBuildFile; fileRef = 26183CB52A514BAB0038108B /* TextFieldTblCell.xib */; };
		26183CBA2A514C6B0038108B /* AddPictureTblCell.swift in Sources */ = {isa = PBXBuildFile; fileRef = 26183CB82A514C6A0038108B /* AddPictureTblCell.swift */; };
		26183CBB2A514C6B0038108B /* AddPictureTblCell.xib in Resources */ = {isa = PBXBuildFile; fileRef = 26183CB92A514C6A0038108B /* AddPictureTblCell.xib */; };
		26183CBD2A517D080038108B /* PropertyAddedSuccessVC.swift in Sources */ = {isa = PBXBuildFile; fileRef = 26183CBC2A517D080038108B /* PropertyAddedSuccessVC.swift */; };
		26183CC02A5181CB0038108B /* ProfessionalPhotoVC.swift in Sources */ = {isa = PBXBuildFile; fileRef = 26183CBF2A5181CB0038108B /* ProfessionalPhotoVC.swift */; };
		26183CC52A5182400038108B /* ProfessionalPhotoClcCell.swift in Sources */ = {isa = PBXBuildFile; fileRef = 26183CC32A5182400038108B /* ProfessionalPhotoClcCell.swift */; };
		26183CC62A5182400038108B /* ProfessionalPhotoClcCell.xib in Resources */ = {isa = PBXBuildFile; fileRef = 26183CC42A5182400038108B /* ProfessionalPhotoClcCell.xib */; };
		261BCAEE2A43672200B8EB0C /* CreateAccountVC.swift in Sources */ = {isa = PBXBuildFile; fileRef = 261BCAED2A43672200B8EB0C /* CreateAccountVC.swift */; };
		261BCAF42A436AB100B8EB0C /* ImagePicker.swift in Sources */ = {isa = PBXBuildFile; fileRef = 261BCAF02A436AB100B8EB0C /* ImagePicker.swift */; };
		261BCAF52A436AB100B8EB0C /* Extension.swift in Sources */ = {isa = PBXBuildFile; fileRef = 261BCAF12A436AB100B8EB0C /* Extension.swift */; };
		261BCAF62A436AB100B8EB0C /* AppConstants.swift in Sources */ = {isa = PBXBuildFile; fileRef = 261BCAF22A436AB100B8EB0C /* AppConstants.swift */; };
		261BCAF72A436AB100B8EB0C /* UtilityMangr.swift in Sources */ = {isa = PBXBuildFile; fileRef = 261BCAF32A436AB100B8EB0C /* UtilityMangr.swift */; };
		26269B922A46E283004BC63A /* AgentTblCell.swift in Sources */ = {isa = PBXBuildFile; fileRef = 26269B902A46E283004BC63A /* AgentTblCell.swift */; };
		26269B932A46E283004BC63A /* AgentTblCell.xib in Resources */ = {isa = PBXBuildFile; fileRef = 26269B912A46E283004BC63A /* AgentTblCell.xib */; };
		26269B962A46E7CD004BC63A /* EnquryDetailTblCell.swift in Sources */ = {isa = PBXBuildFile; fileRef = 26269B942A46E7CD004BC63A /* EnquryDetailTblCell.swift */; };
		26269B972A46E7CD004BC63A /* EnquryDetailTblCell.xib in Resources */ = {isa = PBXBuildFile; fileRef = 26269B952A46E7CD004BC63A /* EnquryDetailTblCell.xib */; };
		26269B992A46EBDB004BC63A /* RealEstateProtocol.swift in Sources */ = {isa = PBXBuildFile; fileRef = 26269B982A46EBDB004BC63A /* RealEstateProtocol.swift */; };
		26269B9D2A46F491004BC63A /* AgentClcCell.swift in Sources */ = {isa = PBXBuildFile; fileRef = 26269B9B2A46F491004BC63A /* AgentClcCell.swift */; };
		26269B9E2A46F491004BC63A /* AgentClcCell.xib in Resources */ = {isa = PBXBuildFile; fileRef = 26269B9C2A46F491004BC63A /* AgentClcCell.xib */; };
		26269BA12A46FB25004BC63A /* Search.storyboard in Resources */ = {isa = PBXBuildFile; fileRef = 26269BA02A46FB25004BC63A /* Search.storyboard */; };
		26269BA42A470414004BC63A /* SearchVC.swift in Sources */ = {isa = PBXBuildFile; fileRef = 26269BA32A470414004BC63A /* SearchVC.swift */; };
		26269BA92A47057E004BC63A /* PropertyClcCell.swift in Sources */ = {isa = PBXBuildFile; fileRef = 26269BA72A47057E004BC63A /* PropertyClcCell.swift */; };
		26269BAA2A47057E004BC63A /* PropertyClcCell.xib in Resources */ = {isa = PBXBuildFile; fileRef = 26269BA82A47057E004BC63A /* PropertyClcCell.xib */; };
		26560D072A501485005E91F4 /* AddPropertyNextVC.swift in Sources */ = {isa = PBXBuildFile; fileRef = 26560D062A501485005E91F4 /* AddPropertyNextVC.swift */; };
		26560D0A2A5014B3005E91F4 /* PropertyFooterView.swift in Sources */ = {isa = PBXBuildFile; fileRef = 26560D092A5014B3005E91F4 /* PropertyFooterView.swift */; };
		26560D0C2A5014BB005E91F4 /* PropertyFooterView.xib in Resources */ = {isa = PBXBuildFile; fileRef = 26560D0B2A5014BB005E91F4 /* PropertyFooterView.xib */; };
		269AA8C42A45F92C0006CB17 /* Tabbar.storyboard in Resources */ = {isa = PBXBuildFile; fileRef = 269AA8C32A45F92C0006CB17 /* Tabbar.storyboard */; };
		269AA8C82A45FB9F0006CB17 /* RealEstateTabbarVC.swift in Sources */ = {isa = PBXBuildFile; fileRef = 269AA8C72A45FB9F0006CB17 /* RealEstateTabbarVC.swift */; };
		269AA92A2A45FFC60006CB17 /* Jost-ExtraBoldItalic.ttf in Resources */ = {isa = PBXBuildFile; fileRef = 269AA9182A45FFC50006CB17 /* Jost-ExtraBoldItalic.ttf */; };
		269AA92B2A45FFC60006CB17 /* Jost-ExtraLightItalic.ttf in Resources */ = {isa = PBXBuildFile; fileRef = 269AA9192A45FFC50006CB17 /* Jost-ExtraLightItalic.ttf */; };
		269AA92C2A45FFC60006CB17 /* Jost-ExtraLight.ttf in Resources */ = {isa = PBXBuildFile; fileRef = 269AA91A2A45FFC50006CB17 /* Jost-ExtraLight.ttf */; };
		269AA92D2A45FFC60006CB17 /* Jost-Medium.ttf in Resources */ = {isa = PBXBuildFile; fileRef = 269AA91B2A45FFC60006CB17 /* Jost-Medium.ttf */; };
		269AA92E2A45FFC60006CB17 /* Jost-BlackItalic.ttf in Resources */ = {isa = PBXBuildFile; fileRef = 269AA91C2A45FFC60006CB17 /* Jost-BlackItalic.ttf */; };
		269AA92F2A45FFC60006CB17 /* Jost-MediumItalic.ttf in Resources */ = {isa = PBXBuildFile; fileRef = 269AA91D2A45FFC60006CB17 /* Jost-MediumItalic.ttf */; };
		269AA9302A45FFC60006CB17 /* Jost-LightItalic.ttf in Resources */ = {isa = PBXBuildFile; fileRef = 269AA91E2A45FFC60006CB17 /* Jost-LightItalic.ttf */; };
		269AA9312A45FFC60006CB17 /* Jost-Black.ttf in Resources */ = {isa = PBXBuildFile; fileRef = 269AA91F2A45FFC60006CB17 /* Jost-Black.ttf */; };
		269AA9322A45FFC60006CB17 /* Jost-Regular.ttf in Resources */ = {isa = PBXBuildFile; fileRef = 269AA9202A45FFC60006CB17 /* Jost-Regular.ttf */; };
		269AA9332A45FFC60006CB17 /* Jost-Bold.ttf in Resources */ = {isa = PBXBuildFile; fileRef = 269AA9212A45FFC60006CB17 /* Jost-Bold.ttf */; };
		269AA9342A45FFC60006CB17 /* Jost-SemiBoldItalic.ttf in Resources */ = {isa = PBXBuildFile; fileRef = 269AA9222A45FFC60006CB17 /* Jost-SemiBoldItalic.ttf */; };
		269AA9352A45FFC60006CB17 /* Jost-ThinItalic.ttf in Resources */ = {isa = PBXBuildFile; fileRef = 269AA9232A45FFC60006CB17 /* Jost-ThinItalic.ttf */; };
		269AA9362A45FFC60006CB17 /* Jost-BoldItalic.ttf in Resources */ = {isa = PBXBuildFile; fileRef = 269AA9242A45FFC60006CB17 /* Jost-BoldItalic.ttf */; };
		269AA9372A45FFC60006CB17 /* Jost-ExtraBold.ttf in Resources */ = {isa = PBXBuildFile; fileRef = 269AA9252A45FFC60006CB17 /* Jost-ExtraBold.ttf */; };
		269AA9382A45FFC60006CB17 /* Jost-Light.ttf in Resources */ = {isa = PBXBuildFile; fileRef = 269AA9262A45FFC60006CB17 /* Jost-Light.ttf */; };
		269AA9392A45FFC60006CB17 /* Jost-Thin.ttf in Resources */ = {isa = PBXBuildFile; fileRef = 269AA9272A45FFC60006CB17 /* Jost-Thin.ttf */; };
		269AA93A2A45FFC60006CB17 /* Jost-SemiBold.ttf in Resources */ = {isa = PBXBuildFile; fileRef = 269AA9282A45FFC60006CB17 /* Jost-SemiBold.ttf */; };
		269AA93B2A45FFC60006CB17 /* Jost-Italic.ttf in Resources */ = {isa = PBXBuildFile; fileRef = 269AA9292A45FFC60006CB17 /* Jost-Italic.ttf */; };
		269AA93E2A4609380006CB17 /* HomeVC.swift in Sources */ = {isa = PBXBuildFile; fileRef = 269AA93D2A4609380006CB17 /* HomeVC.swift */; };
		269AA9412A4609650006CB17 /* Home.storyboard in Resources */ = {isa = PBXBuildFile; fileRef = 269AA9402A4609650006CB17 /* Home.storyboard */; };
		269AA9452A460A390006CB17 /* HeaderView.xib in Resources */ = {isa = PBXBuildFile; fileRef = 269AA9442A460A390006CB17 /* HeaderView.xib */; };
		269AA9472A460A490006CB17 /* HeaderView.swift in Sources */ = {isa = PBXBuildFile; fileRef = 269AA9462A460A490006CB17 /* HeaderView.swift */; };
		269AA94B2A460B430006CB17 /* PropertiesTblCell.swift in Sources */ = {isa = PBXBuildFile; fileRef = 269AA9492A460B430006CB17 /* PropertiesTblCell.swift */; };
		269AA94C2A460B430006CB17 /* PropertiesTblCell.xib in Resources */ = {isa = PBXBuildFile; fileRef = 269AA94A2A460B430006CB17 /* PropertiesTblCell.xib */; };
		269AA94F2A460E900006CB17 /* Jost-Heavy.ttf in Resources */ = {isa = PBXBuildFile; fileRef = 269AA94D2A460E900006CB17 /* Jost-Heavy.ttf */; };
		269AA9502A460E900006CB17 /* Jost-HeavyItalic.ttf in Resources */ = {isa = PBXBuildFile; fileRef = 269AA94E2A460E900006CB17 /* Jost-HeavyItalic.ttf */; };
		269AA9552A4617EF0006CB17 /* EnquiriesTblCell.swift in Sources */ = {isa = PBXBuildFile; fileRef = 269AA9532A4617EF0006CB17 /* EnquiriesTblCell.swift */; };
		269AA9562A4617EF0006CB17 /* EnquiriesTblCell.xib in Resources */ = {isa = PBXBuildFile; fileRef = 269AA9542A4617EF0006CB17 /* EnquiriesTblCell.xib */; };
		26B99C8E2A4812E6004DF28F /* HomeVillaVC.swift in Sources */ = {isa = PBXBuildFile; fileRef = 26B99C8D2A4812E6004DF28F /* HomeVillaVC.swift */; };
		26B99C932A4813BE004DF28F /* HomeVillaClcCell.swift in Sources */ = {isa = PBXBuildFile; fileRef = 26B99C912A4813BE004DF28F /* HomeVillaClcCell.swift */; };
		26B99C942A4813BE004DF28F /* HomeVillaClcCell.xib in Resources */ = {isa = PBXBuildFile; fileRef = 26B99C922A4813BE004DF28F /* HomeVillaClcCell.xib */; };
		26C30E602A4DE84600BC0515 /* CommonModel.swift in Sources */ = {isa = PBXBuildFile; fileRef = 26C30E5F2A4DE84600BC0515 /* CommonModel.swift */; };
		26C30E622A4DE86400BC0515 /* UserViewModel.swift in Sources */ = {isa = PBXBuildFile; fileRef = 26C30E612A4DE86400BC0515 /* UserViewModel.swift */; };
		26CB64912A48251400A6C02F /* More.storyboard in Resources */ = {isa = PBXBuildFile; fileRef = 26CB64902A48251400A6C02F /* More.storyboard */; };
		26CB64942A48262600A6C02F /* MoreVC.swift in Sources */ = {isa = PBXBuildFile; fileRef = 26CB64932A48262600A6C02F /* MoreVC.swift */; };
		26CB64992A48264F00A6C02F /* MoreTblCell.swift in Sources */ = {isa = PBXBuildFile; fileRef = 26CB64972A48264F00A6C02F /* MoreTblCell.swift */; };
		26CB649A2A48264F00A6C02F /* MoreTblCell.xib in Resources */ = {isa = PBXBuildFile; fileRef = 26CB64982A48264F00A6C02F /* MoreTblCell.xib */; };
		26CB649D2A48359E00A6C02F /* AddPropertyVC.swift in Sources */ = {isa = PBXBuildFile; fileRef = 26CB649C2A48359E00A6C02F /* AddPropertyVC.swift */; };
		26CB64A22A4835E100A6C02F /* TagTblCell.swift in Sources */ = {isa = PBXBuildFile; fileRef = 26CB64A02A4835E100A6C02F /* TagTblCell.swift */; };
		26CB64A32A4835E100A6C02F /* TagTblCell.xib in Resources */ = {isa = PBXBuildFile; fileRef = 26CB64A12A4835E100A6C02F /* TagTblCell.xib */; };
		26CB64A52A483F8F00A6C02F /* HelperStruct.swift in Sources */ = {isa = PBXBuildFile; fileRef = 26CB64A42A483F8F00A6C02F /* HelperStruct.swift */; };
		6352BB0EED08AAA96FF67A01 /* Pods_RealEstate.framework in Frameworks */ = {isa = PBXBuildFile; fileRef = 6FC876DBB31962B362EED522 /* Pods_RealEstate.framework */; };
/* End PBXBuildFile section */

/* Begin PBXFileReference section */
		18779CB52A4DE39600180E4D /* AgentsOptionsCell.swift */ = {isa = PBXFileReference; fileEncoding = 4; lastKnownFileType = sourcecode.swift; path = AgentsOptionsCell.swift; sourceTree = "<group>"; };
		18779CB62A4DE39600180E4D /* AgentsOptionsCell.xib */ = {isa = PBXFileReference; fileEncoding = 4; lastKnownFileType = file.xib; path = AgentsOptionsCell.xib; sourceTree = "<group>"; };
		18779CB72A4DE39600180E4D /* AgentsVC.swift */ = {isa = PBXFileReference; fileEncoding = 4; lastKnownFileType = sourcecode.swift; path = AgentsVC.swift; sourceTree = "<group>"; };
		18779CBC2A4DE3BE00180E4D /* Agent.storyboard */ = {isa = PBXFileReference; fileEncoding = 4; lastKnownFileType = file.storyboard; path = Agent.storyboard; sourceTree = "<group>"; };
		18779CBF2A4DE4E300180E4D /* SearchDetailVC.swift */ = {isa = PBXFileReference; fileEncoding = 4; lastKnownFileType = sourcecode.swift; path = SearchDetailVC.swift; sourceTree = "<group>"; };
		18779CC02A4DE4E400180E4D /* FilterVC.swift */ = {isa = PBXFileReference; fileEncoding = 4; lastKnownFileType = sourcecode.swift; path = FilterVC.swift; sourceTree = "<group>"; };
		18779CC12A4DE4E400180E4D /* PropertyDetailVC.swift */ = {isa = PBXFileReference; fileEncoding = 4; lastKnownFileType = sourcecode.swift; path = PropertyDetailVC.swift; sourceTree = "<group>"; };
		18779CC72A4DE50100180E4D /* AdditionalDetailCell.xib */ = {isa = PBXFileReference; fileEncoding = 4; lastKnownFileType = file.xib; path = AdditionalDetailCell.xib; sourceTree = "<group>"; };
		18779CC82A4DE50100180E4D /* FilterTypeCell.swift */ = {isa = PBXFileReference; fileEncoding = 4; lastKnownFileType = sourcecode.swift; path = FilterTypeCell.swift; sourceTree = "<group>"; };
		18779CC92A4DE50100180E4D /* FilterOptionCell.swift */ = {isa = PBXFileReference; fileEncoding = 4; lastKnownFileType = sourcecode.swift; path = FilterOptionCell.swift; sourceTree = "<group>"; };
		18779CCA2A4DE50100180E4D /* AdditionalDetailCell.swift */ = {isa = PBXFileReference; fileEncoding = 4; lastKnownFileType = sourcecode.swift; path = AdditionalDetailCell.swift; sourceTree = "<group>"; };
		18779CCB2A4DE50100180E4D /* FilterTypeCell.xib */ = {isa = PBXFileReference; fileEncoding = 4; lastKnownFileType = file.xib; path = FilterTypeCell.xib; sourceTree = "<group>"; };
		18779CCC2A4DE50100180E4D /* FilterOptionCell.xib */ = {isa = PBXFileReference; fileEncoding = 4; lastKnownFileType = file.xib; path = FilterOptionCell.xib; sourceTree = "<group>"; };
		18779CD32A4DE51600180E4D /* PropertyImagesCell.swift */ = {isa = PBXFileReference; fileEncoding = 4; lastKnownFileType = sourcecode.swift; path = PropertyImagesCell.swift; sourceTree = "<group>"; };
		18779CD42A4DE51600180E4D /* PropertyImagesCell.xib */ = {isa = PBXFileReference; fileEncoding = 4; lastKnownFileType = file.xib; path = PropertyImagesCell.xib; sourceTree = "<group>"; };
		2610F9062A42284E00FE1738 /* RealEstate.app */ = {isa = PBXFileReference; explicitFileType = wrapper.application; includeInIndex = 0; path = RealEstate.app; sourceTree = BUILT_PRODUCTS_DIR; };
		2610F9092A42284E00FE1738 /* AppDelegate.swift */ = {isa = PBXFileReference; lastKnownFileType = sourcecode.swift; path = AppDelegate.swift; sourceTree = "<group>"; };
		2610F90B2A42284E00FE1738 /* SceneDelegate.swift */ = {isa = PBXFileReference; lastKnownFileType = sourcecode.swift; path = SceneDelegate.swift; sourceTree = "<group>"; };
		2610F90D2A42284E00FE1738 /* ViewController.swift */ = {isa = PBXFileReference; lastKnownFileType = sourcecode.swift; path = ViewController.swift; sourceTree = "<group>"; };
		2610F9102A42284E00FE1738 /* Base */ = {isa = PBXFileReference; lastKnownFileType = file.storyboard; name = Base; path = Base.lproj/Main.storyboard; sourceTree = "<group>"; };
		2610F9122A42285100FE1738 /* Assets.xcassets */ = {isa = PBXFileReference; lastKnownFileType = folder.assetcatalog; path = Assets.xcassets; sourceTree = "<group>"; };
		2610F9152A42285100FE1738 /* Base */ = {isa = PBXFileReference; lastKnownFileType = file.storyboard; name = Base; path = Base.lproj/LaunchScreen.storyboard; sourceTree = "<group>"; };
		2610F9172A42285100FE1738 /* Info.plist */ = {isa = PBXFileReference; lastKnownFileType = text.plist.xml; path = Info.plist; sourceTree = "<group>"; };
		2610F91E2A4228B200FE1738 /* ImageCustom.swift */ = {isa = PBXFileReference; fileEncoding = 4; lastKnownFileType = sourcecode.swift; path = ImageCustom.swift; sourceTree = "<group>"; };
		2610F91F2A4228B200FE1738 /* ViewCustom.swift */ = {isa = PBXFileReference; fileEncoding = 4; lastKnownFileType = sourcecode.swift; path = ViewCustom.swift; sourceTree = "<group>"; };
		2610F9202A4228B200FE1738 /* LabelCustom.swift */ = {isa = PBXFileReference; fileEncoding = 4; lastKnownFileType = sourcecode.swift; path = LabelCustom.swift; sourceTree = "<group>"; };
		2610F9212A4228B200FE1738 /* DownloadCircularProgessView.swift */ = {isa = PBXFileReference; fileEncoding = 4; lastKnownFileType = sourcecode.swift; path = DownloadCircularProgessView.swift; sourceTree = "<group>"; };
		2610F9222A4228B200FE1738 /* TextFieldCustom.swift */ = {isa = PBXFileReference; fileEncoding = 4; lastKnownFileType = sourcecode.swift; path = TextFieldCustom.swift; sourceTree = "<group>"; };
		2610F9232A4228B200FE1738 /* CustomPageControlView.swift */ = {isa = PBXFileReference; fileEncoding = 4; lastKnownFileType = sourcecode.swift; path = CustomPageControlView.swift; sourceTree = "<group>"; };
		2610F9242A4228B200FE1738 /* ButtonCustom.swift */ = {isa = PBXFileReference; fileEncoding = 4; lastKnownFileType = sourcecode.swift; path = ButtonCustom.swift; sourceTree = "<group>"; };
		2610F92F2A4229EF00FE1738 /* Jua-Regular.ttf */ = {isa = PBXFileReference; lastKnownFileType = file; path = "Jua-Regular.ttf"; sourceTree = "<group>"; };
		26183CB22A514B2F0038108B /* SavePropertyVC.swift */ = {isa = PBXFileReference; lastKnownFileType = sourcecode.swift; path = SavePropertyVC.swift; sourceTree = "<group>"; };
		26183CB42A514BAB0038108B /* TextFieldTblCell.swift */ = {isa = PBXFileReference; lastKnownFileType = sourcecode.swift; path = TextFieldTblCell.swift; sourceTree = "<group>"; };
		26183CB52A514BAB0038108B /* TextFieldTblCell.xib */ = {isa = PBXFileReference; lastKnownFileType = file.xib; path = TextFieldTblCell.xib; sourceTree = "<group>"; };
		26183CB82A514C6A0038108B /* AddPictureTblCell.swift */ = {isa = PBXFileReference; lastKnownFileType = sourcecode.swift; path = AddPictureTblCell.swift; sourceTree = "<group>"; };
		26183CB92A514C6A0038108B /* AddPictureTblCell.xib */ = {isa = PBXFileReference; lastKnownFileType = file.xib; path = AddPictureTblCell.xib; sourceTree = "<group>"; };
		26183CBC2A517D080038108B /* PropertyAddedSuccessVC.swift */ = {isa = PBXFileReference; lastKnownFileType = sourcecode.swift; path = PropertyAddedSuccessVC.swift; sourceTree = "<group>"; };
		26183CBF2A5181CB0038108B /* ProfessionalPhotoVC.swift */ = {isa = PBXFileReference; lastKnownFileType = sourcecode.swift; path = ProfessionalPhotoVC.swift; sourceTree = "<group>"; };
		26183CC32A5182400038108B /* ProfessionalPhotoClcCell.swift */ = {isa = PBXFileReference; lastKnownFileType = sourcecode.swift; path = ProfessionalPhotoClcCell.swift; sourceTree = "<group>"; };
		26183CC42A5182400038108B /* ProfessionalPhotoClcCell.xib */ = {isa = PBXFileReference; lastKnownFileType = file.xib; path = ProfessionalPhotoClcCell.xib; sourceTree = "<group>"; };
		261BCAED2A43672200B8EB0C /* CreateAccountVC.swift */ = {isa = PBXFileReference; lastKnownFileType = sourcecode.swift; path = CreateAccountVC.swift; sourceTree = "<group>"; };
		261BCAF02A436AB100B8EB0C /* ImagePicker.swift */ = {isa = PBXFileReference; fileEncoding = 4; lastKnownFileType = sourcecode.swift; path = ImagePicker.swift; sourceTree = "<group>"; };
		261BCAF12A436AB100B8EB0C /* Extension.swift */ = {isa = PBXFileReference; fileEncoding = 4; lastKnownFileType = sourcecode.swift; path = Extension.swift; sourceTree = "<group>"; };
		261BCAF22A436AB100B8EB0C /* AppConstants.swift */ = {isa = PBXFileReference; fileEncoding = 4; lastKnownFileType = sourcecode.swift; path = AppConstants.swift; sourceTree = "<group>"; };
		261BCAF32A436AB100B8EB0C /* UtilityMangr.swift */ = {isa = PBXFileReference; fileEncoding = 4; lastKnownFileType = sourcecode.swift; path = UtilityMangr.swift; sourceTree = "<group>"; };
		26269B902A46E283004BC63A /* AgentTblCell.swift */ = {isa = PBXFileReference; lastKnownFileType = sourcecode.swift; path = AgentTblCell.swift; sourceTree = "<group>"; };
		26269B912A46E283004BC63A /* AgentTblCell.xib */ = {isa = PBXFileReference; lastKnownFileType = file.xib; path = AgentTblCell.xib; sourceTree = "<group>"; };
		26269B942A46E7CD004BC63A /* EnquryDetailTblCell.swift */ = {isa = PBXFileReference; lastKnownFileType = sourcecode.swift; path = EnquryDetailTblCell.swift; sourceTree = "<group>"; };
		26269B952A46E7CD004BC63A /* EnquryDetailTblCell.xib */ = {isa = PBXFileReference; lastKnownFileType = file.xib; path = EnquryDetailTblCell.xib; sourceTree = "<group>"; };
		26269B982A46EBDB004BC63A /* RealEstateProtocol.swift */ = {isa = PBXFileReference; lastKnownFileType = sourcecode.swift; path = RealEstateProtocol.swift; sourceTree = "<group>"; };
		26269B9B2A46F491004BC63A /* AgentClcCell.swift */ = {isa = PBXFileReference; lastKnownFileType = sourcecode.swift; path = AgentClcCell.swift; sourceTree = "<group>"; };
		26269B9C2A46F491004BC63A /* AgentClcCell.xib */ = {isa = PBXFileReference; lastKnownFileType = file.xib; path = AgentClcCell.xib; sourceTree = "<group>"; };
		26269BA02A46FB25004BC63A /* Search.storyboard */ = {isa = PBXFileReference; lastKnownFileType = file.storyboard; path = Search.storyboard; sourceTree = "<group>"; };
		26269BA32A470414004BC63A /* SearchVC.swift */ = {isa = PBXFileReference; lastKnownFileType = sourcecode.swift; path = SearchVC.swift; sourceTree = "<group>"; };
		26269BA72A47057E004BC63A /* PropertyClcCell.swift */ = {isa = PBXFileReference; lastKnownFileType = sourcecode.swift; path = PropertyClcCell.swift; sourceTree = "<group>"; };
		26269BA82A47057E004BC63A /* PropertyClcCell.xib */ = {isa = PBXFileReference; lastKnownFileType = file.xib; path = PropertyClcCell.xib; sourceTree = "<group>"; };
		26560D062A501485005E91F4 /* AddPropertyNextVC.swift */ = {isa = PBXFileReference; lastKnownFileType = sourcecode.swift; path = AddPropertyNextVC.swift; sourceTree = "<group>"; };
		26560D092A5014B3005E91F4 /* PropertyFooterView.swift */ = {isa = PBXFileReference; lastKnownFileType = sourcecode.swift; path = PropertyFooterView.swift; sourceTree = "<group>"; };
		26560D0B2A5014BB005E91F4 /* PropertyFooterView.xib */ = {isa = PBXFileReference; lastKnownFileType = file.xib; path = PropertyFooterView.xib; sourceTree = "<group>"; };
		269AA8C32A45F92C0006CB17 /* Tabbar.storyboard */ = {isa = PBXFileReference; lastKnownFileType = file.storyboard; path = Tabbar.storyboard; sourceTree = "<group>"; };
		269AA8C72A45FB9F0006CB17 /* RealEstateTabbarVC.swift */ = {isa = PBXFileReference; lastKnownFileType = sourcecode.swift; path = RealEstateTabbarVC.swift; sourceTree = "<group>"; };
		269AA9182A45FFC50006CB17 /* Jost-ExtraBoldItalic.ttf */ = {isa = PBXFileReference; lastKnownFileType = file; path = "Jost-ExtraBoldItalic.ttf"; sourceTree = "<group>"; };
		269AA9192A45FFC50006CB17 /* Jost-ExtraLightItalic.ttf */ = {isa = PBXFileReference; lastKnownFileType = file; path = "Jost-ExtraLightItalic.ttf"; sourceTree = "<group>"; };
		269AA91A2A45FFC50006CB17 /* Jost-ExtraLight.ttf */ = {isa = PBXFileReference; lastKnownFileType = file; path = "Jost-ExtraLight.ttf"; sourceTree = "<group>"; };
		269AA91B2A45FFC60006CB17 /* Jost-Medium.ttf */ = {isa = PBXFileReference; lastKnownFileType = file; path = "Jost-Medium.ttf"; sourceTree = "<group>"; };
		269AA91C2A45FFC60006CB17 /* Jost-BlackItalic.ttf */ = {isa = PBXFileReference; lastKnownFileType = file; path = "Jost-BlackItalic.ttf"; sourceTree = "<group>"; };
		269AA91D2A45FFC60006CB17 /* Jost-MediumItalic.ttf */ = {isa = PBXFileReference; lastKnownFileType = file; path = "Jost-MediumItalic.ttf"; sourceTree = "<group>"; };
		269AA91E2A45FFC60006CB17 /* Jost-LightItalic.ttf */ = {isa = PBXFileReference; lastKnownFileType = file; path = "Jost-LightItalic.ttf"; sourceTree = "<group>"; };
		269AA91F2A45FFC60006CB17 /* Jost-Black.ttf */ = {isa = PBXFileReference; lastKnownFileType = file; path = "Jost-Black.ttf"; sourceTree = "<group>"; };
		269AA9202A45FFC60006CB17 /* Jost-Regular.ttf */ = {isa = PBXFileReference; lastKnownFileType = file; path = "Jost-Regular.ttf"; sourceTree = "<group>"; };
		269AA9212A45FFC60006CB17 /* Jost-Bold.ttf */ = {isa = PBXFileReference; lastKnownFileType = file; path = "Jost-Bold.ttf"; sourceTree = "<group>"; };
		269AA9222A45FFC60006CB17 /* Jost-SemiBoldItalic.ttf */ = {isa = PBXFileReference; lastKnownFileType = file; path = "Jost-SemiBoldItalic.ttf"; sourceTree = "<group>"; };
		269AA9232A45FFC60006CB17 /* Jost-ThinItalic.ttf */ = {isa = PBXFileReference; lastKnownFileType = file; path = "Jost-ThinItalic.ttf"; sourceTree = "<group>"; };
		269AA9242A45FFC60006CB17 /* Jost-BoldItalic.ttf */ = {isa = PBXFileReference; lastKnownFileType = file; path = "Jost-BoldItalic.ttf"; sourceTree = "<group>"; };
		269AA9252A45FFC60006CB17 /* Jost-ExtraBold.ttf */ = {isa = PBXFileReference; lastKnownFileType = file; path = "Jost-ExtraBold.ttf"; sourceTree = "<group>"; };
		269AA9262A45FFC60006CB17 /* Jost-Light.ttf */ = {isa = PBXFileReference; lastKnownFileType = file; path = "Jost-Light.ttf"; sourceTree = "<group>"; };
		269AA9272A45FFC60006CB17 /* Jost-Thin.ttf */ = {isa = PBXFileReference; lastKnownFileType = file; path = "Jost-Thin.ttf"; sourceTree = "<group>"; };
		269AA9282A45FFC60006CB17 /* Jost-SemiBold.ttf */ = {isa = PBXFileReference; lastKnownFileType = file; path = "Jost-SemiBold.ttf"; sourceTree = "<group>"; };
		269AA9292A45FFC60006CB17 /* Jost-Italic.ttf */ = {isa = PBXFileReference; lastKnownFileType = file; path = "Jost-Italic.ttf"; sourceTree = "<group>"; };
		269AA93D2A4609380006CB17 /* HomeVC.swift */ = {isa = PBXFileReference; lastKnownFileType = sourcecode.swift; path = HomeVC.swift; sourceTree = "<group>"; };
		269AA9402A4609650006CB17 /* Home.storyboard */ = {isa = PBXFileReference; lastKnownFileType = file.storyboard; path = Home.storyboard; sourceTree = "<group>"; };
		269AA9442A460A390006CB17 /* HeaderView.xib */ = {isa = PBXFileReference; lastKnownFileType = file.xib; path = HeaderView.xib; sourceTree = "<group>"; };
		269AA9462A460A490006CB17 /* HeaderView.swift */ = {isa = PBXFileReference; lastKnownFileType = sourcecode.swift; path = HeaderView.swift; sourceTree = "<group>"; };
		269AA9492A460B430006CB17 /* PropertiesTblCell.swift */ = {isa = PBXFileReference; lastKnownFileType = sourcecode.swift; path = PropertiesTblCell.swift; sourceTree = "<group>"; };
		269AA94A2A460B430006CB17 /* PropertiesTblCell.xib */ = {isa = PBXFileReference; lastKnownFileType = file.xib; path = PropertiesTblCell.xib; sourceTree = "<group>"; };
		269AA94D2A460E900006CB17 /* Jost-Heavy.ttf */ = {isa = PBXFileReference; lastKnownFileType = file; path = "Jost-Heavy.ttf"; sourceTree = "<group>"; };
		269AA94E2A460E900006CB17 /* Jost-HeavyItalic.ttf */ = {isa = PBXFileReference; lastKnownFileType = file; path = "Jost-HeavyItalic.ttf"; sourceTree = "<group>"; };
		269AA9532A4617EF0006CB17 /* EnquiriesTblCell.swift */ = {isa = PBXFileReference; lastKnownFileType = sourcecode.swift; path = EnquiriesTblCell.swift; sourceTree = "<group>"; };
		269AA9542A4617EF0006CB17 /* EnquiriesTblCell.xib */ = {isa = PBXFileReference; lastKnownFileType = file.xib; path = EnquiriesTblCell.xib; sourceTree = "<group>"; };
		26B99C8D2A4812E6004DF28F /* HomeVillaVC.swift */ = {isa = PBXFileReference; lastKnownFileType = sourcecode.swift; path = HomeVillaVC.swift; sourceTree = "<group>"; };
		26B99C912A4813BE004DF28F /* HomeVillaClcCell.swift */ = {isa = PBXFileReference; lastKnownFileType = sourcecode.swift; path = HomeVillaClcCell.swift; sourceTree = "<group>"; };
		26B99C922A4813BE004DF28F /* HomeVillaClcCell.xib */ = {isa = PBXFileReference; lastKnownFileType = file.xib; path = HomeVillaClcCell.xib; sourceTree = "<group>"; };
		26C30E5F2A4DE84600BC0515 /* CommonModel.swift */ = {isa = PBXFileReference; lastKnownFileType = sourcecode.swift; path = CommonModel.swift; sourceTree = "<group>"; };
		26C30E612A4DE86400BC0515 /* UserViewModel.swift */ = {isa = PBXFileReference; lastKnownFileType = sourcecode.swift; path = UserViewModel.swift; sourceTree = "<group>"; };
		26CB64902A48251400A6C02F /* More.storyboard */ = {isa = PBXFileReference; lastKnownFileType = file.storyboard; path = More.storyboard; sourceTree = "<group>"; };
		26CB64932A48262600A6C02F /* MoreVC.swift */ = {isa = PBXFileReference; lastKnownFileType = sourcecode.swift; path = MoreVC.swift; sourceTree = "<group>"; };
		26CB64972A48264F00A6C02F /* MoreTblCell.swift */ = {isa = PBXFileReference; lastKnownFileType = sourcecode.swift; path = MoreTblCell.swift; sourceTree = "<group>"; };
		26CB64982A48264F00A6C02F /* MoreTblCell.xib */ = {isa = PBXFileReference; lastKnownFileType = file.xib; path = MoreTblCell.xib; sourceTree = "<group>"; };
		26CB649C2A48359E00A6C02F /* AddPropertyVC.swift */ = {isa = PBXFileReference; lastKnownFileType = sourcecode.swift; path = AddPropertyVC.swift; sourceTree = "<group>"; };
		26CB64A02A4835E100A6C02F /* TagTblCell.swift */ = {isa = PBXFileReference; lastKnownFileType = sourcecode.swift; path = TagTblCell.swift; sourceTree = "<group>"; };
		26CB64A12A4835E100A6C02F /* TagTblCell.xib */ = {isa = PBXFileReference; lastKnownFileType = file.xib; path = TagTblCell.xib; sourceTree = "<group>"; };
		26CB64A42A483F8F00A6C02F /* HelperStruct.swift */ = {isa = PBXFileReference; lastKnownFileType = sourcecode.swift; path = HelperStruct.swift; sourceTree = "<group>"; };
		34A84E649EC9DBF34ECC821D /* Pods-RealEstate.release.xcconfig */ = {isa = PBXFileReference; includeInIndex = 1; lastKnownFileType = text.xcconfig; name = "Pods-RealEstate.release.xcconfig"; path = "Target Support Files/Pods-RealEstate/Pods-RealEstate.release.xcconfig"; sourceTree = "<group>"; };
		6FC876DBB31962B362EED522 /* Pods_RealEstate.framework */ = {isa = PBXFileReference; explicitFileType = wrapper.framework; includeInIndex = 0; path = Pods_RealEstate.framework; sourceTree = BUILT_PRODUCTS_DIR; };
		A590C2339F6BB41E5C8EA518 /* Pods-RealEstate.debug.xcconfig */ = {isa = PBXFileReference; includeInIndex = 1; lastKnownFileType = text.xcconfig; name = "Pods-RealEstate.debug.xcconfig"; path = "Target Support Files/Pods-RealEstate/Pods-RealEstate.debug.xcconfig"; sourceTree = "<group>"; };
/* End PBXFileReference section */

/* Begin PBXFrameworksBuildPhase section */
		2610F9032A42284E00FE1738 /* Frameworks */ = {
			isa = PBXFrameworksBuildPhase;
			buildActionMask = 2147483647;
			files = (
				6352BB0EED08AAA96FF67A01 /* Pods_RealEstate.framework in Frameworks */,
			);
			runOnlyForDeploymentPostprocessing = 0;
		};
/* End PBXFrameworksBuildPhase section */

/* Begin PBXGroup section */
		18779CB22A4DE39600180E4D /* Agent */ = {
			isa = PBXGroup;
			children = (
				18779CB32A4DE39600180E4D /* Xibs */,
				18779CB72A4DE39600180E4D /* AgentsVC.swift */,
			);
			path = Agent;
			sourceTree = "<group>";
		};
		18779CB32A4DE39600180E4D /* Xibs */ = {
			isa = PBXGroup;
			children = (
				18779CB42A4DE39600180E4D /* TblCell */,
			);
			path = Xibs;
			sourceTree = "<group>";
		};
		18779CB42A4DE39600180E4D /* TblCell */ = {
			isa = PBXGroup;
			children = (
				18779CB52A4DE39600180E4D /* AgentsOptionsCell.swift */,
				18779CB62A4DE39600180E4D /* AgentsOptionsCell.xib */,
			);
			path = TblCell;
			sourceTree = "<group>";
		};
		18779CBB2A4DE3BE00180E4D /* Agent */ = {
			isa = PBXGroup;
			children = (
				18779CBC2A4DE3BE00180E4D /* Agent.storyboard */,
			);
			path = Agent;
			sourceTree = "<group>";
		};
		18779CC62A4DE50100180E4D /* TblCell */ = {
			isa = PBXGroup;
			children = (
				18779CC72A4DE50100180E4D /* AdditionalDetailCell.xib */,
				18779CC82A4DE50100180E4D /* FilterTypeCell.swift */,
				18779CC92A4DE50100180E4D /* FilterOptionCell.swift */,
				18779CCA2A4DE50100180E4D /* AdditionalDetailCell.swift */,
				18779CCB2A4DE50100180E4D /* FilterTypeCell.xib */,
				18779CCC2A4DE50100180E4D /* FilterOptionCell.xib */,
			);
			path = TblCell;
			sourceTree = "<group>";
		};
		2610F8FD2A42284E00FE1738 = {
			isa = PBXGroup;
			children = (
				2610F9082A42284E00FE1738 /* RealEstate */,
				2610F9072A42284E00FE1738 /* Products */,
				864C1318667C5C10086B19AC /* Pods */,
				FE03C534C23B8E4177AFF09C /* Frameworks */,
			);
			sourceTree = "<group>";
		};
		2610F9072A42284E00FE1738 /* Products */ = {
			isa = PBXGroup;
			children = (
				2610F9062A42284E00FE1738 /* RealEstate.app */,
			);
			name = Products;
			sourceTree = "<group>";
		};
		2610F9082A42284E00FE1738 /* RealEstate */ = {
			isa = PBXGroup;
			children = (
				2610F9092A42284E00FE1738 /* AppDelegate.swift */,
				2610F90B2A42284E00FE1738 /* SceneDelegate.swift */,
				2610F90D2A42284E00FE1738 /* ViewController.swift */,
				261BCAE92A4366DC00B8EB0C /* MVVM */,
				269AA8BF2A45F8CF0006CB17 /* Storyboard */,
				2610F92C2A4229D000FE1738 /* Resources */,
				2610F9122A42285100FE1738 /* Assets.xcassets */,
				2610F9142A42285100FE1738 /* LaunchScreen.storyboard */,
				2610F9172A42285100FE1738 /* Info.plist */,
			);
			path = RealEstate;
			sourceTree = "<group>";
		};
		2610F91D2A4228B200FE1738 /* Custom View Class */ = {
			isa = PBXGroup;
			children = (
				2610F91E2A4228B200FE1738 /* ImageCustom.swift */,
				2610F91F2A4228B200FE1738 /* ViewCustom.swift */,
				2610F9202A4228B200FE1738 /* LabelCustom.swift */,
				2610F9212A4228B200FE1738 /* DownloadCircularProgessView.swift */,
				2610F9222A4228B200FE1738 /* TextFieldCustom.swift */,
				2610F9232A4228B200FE1738 /* CustomPageControlView.swift */,
				2610F9242A4228B200FE1738 /* ButtonCustom.swift */,
			);
			path = "Custom View Class";
			sourceTree = "<group>";
		};
		2610F92C2A4229D000FE1738 /* Resources */ = {
			isa = PBXGroup;
			children = (
				261BCAEF2A436AB100B8EB0C /* Helper */,
				2610F91D2A4228B200FE1738 /* Custom View Class */,
				2610F92D2A4229D800FE1738 /* Font */,
			);
			path = Resources;
			sourceTree = "<group>";
		};
		2610F92D2A4229D800FE1738 /* Font */ = {
			isa = PBXGroup;
			children = (
				269AA9172A45FFB20006CB17 /* Jost */,
				2610F92E2A4229EF00FE1738 /* Jua */,
			);
			path = Font;
			sourceTree = "<group>";
		};
		2610F92E2A4229EF00FE1738 /* Jua */ = {
			isa = PBXGroup;
			children = (
				2610F92F2A4229EF00FE1738 /* Jua-Regular.ttf */,
			);
			path = Jua;
			sourceTree = "<group>";
		};
		26183CBE2A5181A80038108B /* ProfessionalPhotographer */ = {
			isa = PBXGroup;
			children = (
				26183CBF2A5181CB0038108B /* ProfessionalPhotoVC.swift */,
				26183CC12A51820C0038108B /* XIB */,
			);
			path = ProfessionalPhotographer;
			sourceTree = "<group>";
		};
		26183CC12A51820C0038108B /* XIB */ = {
			isa = PBXGroup;
			children = (
				26183CC22A5182130038108B /* ClcCell */,
			);
			path = XIB;
			sourceTree = "<group>";
		};
		26183CC22A5182130038108B /* ClcCell */ = {
			isa = PBXGroup;
			children = (
				26183CC32A5182400038108B /* ProfessionalPhotoClcCell.swift */,
				26183CC42A5182400038108B /* ProfessionalPhotoClcCell.xib */,
			);
			path = ClcCell;
			sourceTree = "<group>";
		};
		261BCAE92A4366DC00B8EB0C /* MVVM */ = {
			isa = PBXGroup;
			children = (
				261BCAEC2A43670800B8EB0C /* Model */,
				261BCAEB2A4366F400B8EB0C /* View */,
				261BCAEA2A4366E500B8EB0C /* ViewModel */,
			);
			path = MVVM;
			sourceTree = "<group>";
		};
		261BCAEA2A4366E500B8EB0C /* ViewModel */ = {
			isa = PBXGroup;
			children = (
				26C30E612A4DE86400BC0515 /* UserViewModel.swift */,
			);
			path = ViewModel;
			sourceTree = "<group>";
		};
		261BCAEB2A4366F400B8EB0C /* View */ = {
			isa = PBXGroup;
			children = (
				18779CB22A4DE39600180E4D /* Agent */,
				26CB64922A48260D00A6C02F /* More */,
				26269BA22A4703F8004BC63A /* Search */,
				269AA93C2A4609170006CB17 /* Home */,
				269AA8C52A45FB730006CB17 /* Onboarding */,
				269AA8C62A45FB7F0006CB17 /* Tabbar */,
			);
			path = View;
			sourceTree = "<group>";
		};
		261BCAEC2A43670800B8EB0C /* Model */ = {
			isa = PBXGroup;
			children = (
				26C30E5F2A4DE84600BC0515 /* CommonModel.swift */,
			);
			path = Model;
			sourceTree = "<group>";
		};
		261BCAEF2A436AB100B8EB0C /* Helper */ = {
			isa = PBXGroup;
			children = (
				261BCAF02A436AB100B8EB0C /* ImagePicker.swift */,
				261BCAF12A436AB100B8EB0C /* Extension.swift */,
				261BCAF22A436AB100B8EB0C /* AppConstants.swift */,
				261BCAF32A436AB100B8EB0C /* UtilityMangr.swift */,
				26269B982A46EBDB004BC63A /* RealEstateProtocol.swift */,
				26CB64A42A483F8F00A6C02F /* HelperStruct.swift */,
			);
			path = Helper;
			sourceTree = "<group>";
		};
		26269B9A2A46F474004BC63A /* ClcCell */ = {
			isa = PBXGroup;
			children = (
				26269B9B2A46F491004BC63A /* AgentClcCell.swift */,
				26269B9C2A46F491004BC63A /* AgentClcCell.xib */,
			);
			path = ClcCell;
			sourceTree = "<group>";
		};
		26269B9F2A46FB18004BC63A /* Search */ = {
			isa = PBXGroup;
			children = (
				26269BA02A46FB25004BC63A /* Search.storyboard */,
			);
			path = Search;
			sourceTree = "<group>";
		};
		26269BA22A4703F8004BC63A /* Search */ = {
			isa = PBXGroup;
			children = (
				26269BA32A470414004BC63A /* SearchVC.swift */,
				18779CC02A4DE4E400180E4D /* FilterVC.swift */,
				18779CC12A4DE4E400180E4D /* PropertyDetailVC.swift */,
				18779CBF2A4DE4E300180E4D /* SearchDetailVC.swift */,
				26B99C8C2A4812AF004DF28F /* SearchDetail */,
				26269BA52A4704F2004BC63A /* XIB */,
			);
			path = Search;
			sourceTree = "<group>";
		};
		26269BA52A4704F2004BC63A /* XIB */ = {
			isa = PBXGroup;
			children = (
				18779CC62A4DE50100180E4D /* TblCell */,
				26269BA62A4704FF004BC63A /* ClcCell */,
			);
			path = XIB;
			sourceTree = "<group>";
		};
		26269BA62A4704FF004BC63A /* ClcCell */ = {
			isa = PBXGroup;
			children = (
				18779CD32A4DE51600180E4D /* PropertyImagesCell.swift */,
				18779CD42A4DE51600180E4D /* PropertyImagesCell.xib */,
				26269BA72A47057E004BC63A /* PropertyClcCell.swift */,
				26269BA82A47057E004BC63A /* PropertyClcCell.xib */,
			);
			path = ClcCell;
			sourceTree = "<group>";
		};
		26560D082A50148D005E91F4 /* View */ = {
			isa = PBXGroup;
			children = (
				26560D092A5014B3005E91F4 /* PropertyFooterView.swift */,
				26560D0B2A5014BB005E91F4 /* PropertyFooterView.xib */,
			);
			path = View;
			sourceTree = "<group>";
		};
		269AA8BF2A45F8CF0006CB17 /* Storyboard */ = {
			isa = PBXGroup;
			children = (
				18779CBB2A4DE3BE00180E4D /* Agent */,
				26CB648F2A48250900A6C02F /* More */,
				26269B9F2A46FB18004BC63A /* Search */,
				269AA93F2A46094F0006CB17 /* HomeStoryboard */,
				269AA8C22A45F8F20006CB17 /* Tabbar */,
				269AA8C02A45F8DB0006CB17 /* onboarding */,
			);
			path = Storyboard;
			sourceTree = "<group>";
		};
		269AA8C02A45F8DB0006CB17 /* onboarding */ = {
			isa = PBXGroup;
			children = (
				2610F90F2A42284E00FE1738 /* Main.storyboard */,
			);
			path = onboarding;
			sourceTree = "<group>";
		};
		269AA8C22A45F8F20006CB17 /* Tabbar */ = {
			isa = PBXGroup;
			children = (
				269AA8C32A45F92C0006CB17 /* Tabbar.storyboard */,
			);
			path = Tabbar;
			sourceTree = "<group>";
		};
		269AA8C52A45FB730006CB17 /* Onboarding */ = {
			isa = PBXGroup;
			children = (
				261BCAED2A43672200B8EB0C /* CreateAccountVC.swift */,
			);
			path = Onboarding;
			sourceTree = "<group>";
		};
		269AA8C62A45FB7F0006CB17 /* Tabbar */ = {
			isa = PBXGroup;
			children = (
				269AA8C72A45FB9F0006CB17 /* RealEstateTabbarVC.swift */,
			);
			path = Tabbar;
			sourceTree = "<group>";
		};
		269AA9172A45FFB20006CB17 /* Jost */ = {
			isa = PBXGroup;
			children = (
				269AA94D2A460E900006CB17 /* Jost-Heavy.ttf */,
				269AA94E2A460E900006CB17 /* Jost-HeavyItalic.ttf */,
				269AA91F2A45FFC60006CB17 /* Jost-Black.ttf */,
				269AA91C2A45FFC60006CB17 /* Jost-BlackItalic.ttf */,
				269AA9212A45FFC60006CB17 /* Jost-Bold.ttf */,
				269AA9242A45FFC60006CB17 /* Jost-BoldItalic.ttf */,
				269AA9252A45FFC60006CB17 /* Jost-ExtraBold.ttf */,
				269AA9182A45FFC50006CB17 /* Jost-ExtraBoldItalic.ttf */,
				269AA91A2A45FFC50006CB17 /* Jost-ExtraLight.ttf */,
				269AA9192A45FFC50006CB17 /* Jost-ExtraLightItalic.ttf */,
				269AA9292A45FFC60006CB17 /* Jost-Italic.ttf */,
				269AA9262A45FFC60006CB17 /* Jost-Light.ttf */,
				269AA91E2A45FFC60006CB17 /* Jost-LightItalic.ttf */,
				269AA91B2A45FFC60006CB17 /* Jost-Medium.ttf */,
				269AA91D2A45FFC60006CB17 /* Jost-MediumItalic.ttf */,
				269AA9202A45FFC60006CB17 /* Jost-Regular.ttf */,
				269AA9282A45FFC60006CB17 /* Jost-SemiBold.ttf */,
				269AA9222A45FFC60006CB17 /* Jost-SemiBoldItalic.ttf */,
				269AA9272A45FFC60006CB17 /* Jost-Thin.ttf */,
				269AA9232A45FFC60006CB17 /* Jost-ThinItalic.ttf */,
			);
			path = Jost;
			sourceTree = "<group>";
		};
		269AA93C2A4609170006CB17 /* Home */ = {
			isa = PBXGroup;
			children = (
				269AA93D2A4609380006CB17 /* HomeVC.swift */,
				269AA9422A460A130006CB17 /* XIB */,
			);
			path = Home;
			sourceTree = "<group>";
		};
		269AA93F2A46094F0006CB17 /* HomeStoryboard */ = {
			isa = PBXGroup;
			children = (
				269AA9402A4609650006CB17 /* Home.storyboard */,
			);
			path = HomeStoryboard;
			sourceTree = "<group>";
		};
		269AA9422A460A130006CB17 /* XIB */ = {
			isa = PBXGroup;
			children = (
				26269B9A2A46F474004BC63A /* ClcCell */,
				269AA9482A460B070006CB17 /* TblCell */,
				269AA9432A460A220006CB17 /* View */,
			);
			path = XIB;
			sourceTree = "<group>";
		};
		269AA9432A460A220006CB17 /* View */ = {
			isa = PBXGroup;
			children = (
				269AA9442A460A390006CB17 /* HeaderView.xib */,
				269AA9462A460A490006CB17 /* HeaderView.swift */,
			);
			path = View;
			sourceTree = "<group>";
		};
		269AA9482A460B070006CB17 /* TblCell */ = {
			isa = PBXGroup;
			children = (
				269AA9492A460B430006CB17 /* PropertiesTblCell.swift */,
				269AA94A2A460B430006CB17 /* PropertiesTblCell.xib */,
				269AA9532A4617EF0006CB17 /* EnquiriesTblCell.swift */,
				269AA9542A4617EF0006CB17 /* EnquiriesTblCell.xib */,
				26269B902A46E283004BC63A /* AgentTblCell.swift */,
				26269B912A46E283004BC63A /* AgentTblCell.xib */,
				26269B942A46E7CD004BC63A /* EnquryDetailTblCell.swift */,
				26269B952A46E7CD004BC63A /* EnquryDetailTblCell.xib */,
			);
			path = TblCell;
			sourceTree = "<group>";
		};
		26B99C8C2A4812AF004DF28F /* SearchDetail */ = {
			isa = PBXGroup;
			children = (
				26B99C8D2A4812E6004DF28F /* HomeVillaVC.swift */,
				26B99C8F2A48133D004DF28F /* XIB */,
			);
			path = SearchDetail;
			sourceTree = "<group>";
		};
		26B99C8F2A48133D004DF28F /* XIB */ = {
			isa = PBXGroup;
			children = (
				26B99C902A481345004DF28F /* ClcCell */,
			);
			path = XIB;
			sourceTree = "<group>";
		};
		26B99C902A481345004DF28F /* ClcCell */ = {
			isa = PBXGroup;
			children = (
				26B99C912A4813BE004DF28F /* HomeVillaClcCell.swift */,
				26B99C922A4813BE004DF28F /* HomeVillaClcCell.xib */,
			);
			path = ClcCell;
			sourceTree = "<group>";
		};
		26CB648F2A48250900A6C02F /* More */ = {
			isa = PBXGroup;
			children = (
				26CB64902A48251400A6C02F /* More.storyboard */,
			);
			path = More;
			sourceTree = "<group>";
		};
		26CB64922A48260D00A6C02F /* More */ = {
			isa = PBXGroup;
			children = (
				26CB64932A48262600A6C02F /* MoreVC.swift */,
				26183CBE2A5181A80038108B /* ProfessionalPhotographer */,
				26CB649B2A48358300A6C02F /* AddProperty */,
				26CB64952A48262E00A6C02F /* XIB */,
			);
			path = More;
			sourceTree = "<group>";
		};
		26CB64952A48262E00A6C02F /* XIB */ = {
			isa = PBXGroup;
			children = (
				26CB64962A48263600A6C02F /* TblCell */,
			);
			path = XIB;
			sourceTree = "<group>";
		};
		26CB64962A48263600A6C02F /* TblCell */ = {
			isa = PBXGroup;
			children = (
				26CB64972A48264F00A6C02F /* MoreTblCell.swift */,
				26CB64982A48264F00A6C02F /* MoreTblCell.xib */,
			);
			path = TblCell;
			sourceTree = "<group>";
		};
		26CB649B2A48358300A6C02F /* AddProperty */ = {
			isa = PBXGroup;
			children = (
				26CB649C2A48359E00A6C02F /* AddPropertyVC.swift */,
				26560D062A501485005E91F4 /* AddPropertyNextVC.swift */,
				26183CB22A514B2F0038108B /* SavePropertyVC.swift */,
				26183CBC2A517D080038108B /* PropertyAddedSuccessVC.swift */,
				26CB649E2A4835B400A6C02F /* XIB */,
			);
			path = AddProperty;
			sourceTree = "<group>";
		};
		26CB649E2A4835B400A6C02F /* XIB */ = {
			isa = PBXGroup;
			children = (
				26560D082A50148D005E91F4 /* View */,
				26CB649F2A4835C900A6C02F /* TblCell */,
			);
			path = XIB;
			sourceTree = "<group>";
		};
		26CB649F2A4835C900A6C02F /* TblCell */ = {
			isa = PBXGroup;
			children = (
				26CB64A02A4835E100A6C02F /* TagTblCell.swift */,
				26CB64A12A4835E100A6C02F /* TagTblCell.xib */,
				26183CB42A514BAB0038108B /* TextFieldTblCell.swift */,
				26183CB52A514BAB0038108B /* TextFieldTblCell.xib */,
				26183CB82A514C6A0038108B /* AddPictureTblCell.swift */,
				26183CB92A514C6A0038108B /* AddPictureTblCell.xib */,
			);
			path = TblCell;
			sourceTree = "<group>";
		};
		864C1318667C5C10086B19AC /* Pods */ = {
			isa = PBXGroup;
			children = (
				A590C2339F6BB41E5C8EA518 /* Pods-RealEstate.debug.xcconfig */,
				34A84E649EC9DBF34ECC821D /* Pods-RealEstate.release.xcconfig */,
			);
			path = Pods;
			sourceTree = "<group>";
		};
		FE03C534C23B8E4177AFF09C /* Frameworks */ = {
			isa = PBXGroup;
			children = (
				6FC876DBB31962B362EED522 /* Pods_RealEstate.framework */,
			);
			name = Frameworks;
			sourceTree = "<group>";
		};
/* End PBXGroup section */

/* Begin PBXNativeTarget section */
		2610F9052A42284E00FE1738 /* RealEstate */ = {
			isa = PBXNativeTarget;
			buildConfigurationList = 2610F91A2A42285100FE1738 /* Build configuration list for PBXNativeTarget "RealEstate" */;
			buildPhases = (
				29AC936471DA210C7C0C8457 /* [CP] Check Pods Manifest.lock */,
				2610F9022A42284E00FE1738 /* Sources */,
				2610F9032A42284E00FE1738 /* Frameworks */,
				2610F9042A42284E00FE1738 /* Resources */,
				7AD250E656603951306A709C /* [CP] Embed Pods Frameworks */,
			);
			buildRules = (
			);
			dependencies = (
			);
			name = RealEstate;
			productName = RealEstate;
			productReference = 2610F9062A42284E00FE1738 /* RealEstate.app */;
			productType = "com.apple.product-type.application";
		};
/* End PBXNativeTarget section */

/* Begin PBXProject section */
		2610F8FE2A42284E00FE1738 /* Project object */ = {
			isa = PBXProject;
			attributes = {
				BuildIndependentTargetsInParallel = 1;
				LastSwiftUpdateCheck = 1400;
				LastUpgradeCheck = 1400;
				TargetAttributes = {
					2610F9052A42284E00FE1738 = {
						CreatedOnToolsVersion = 14.0;
					};
				};
			};
			buildConfigurationList = 2610F9012A42284E00FE1738 /* Build configuration list for PBXProject "RealEstate" */;
			compatibilityVersion = "Xcode 14.0";
			developmentRegion = en;
			hasScannedForEncodings = 0;
			knownRegions = (
				en,
				Base,
			);
			mainGroup = 2610F8FD2A42284E00FE1738;
			productRefGroup = 2610F9072A42284E00FE1738 /* Products */;
			projectDirPath = "";
			projectRoot = "";
			targets = (
				2610F9052A42284E00FE1738 /* RealEstate */,
			);
		};
/* End PBXProject section */

/* Begin PBXResourcesBuildPhase section */
		2610F9042A42284E00FE1738 /* Resources */ = {
			isa = PBXResourcesBuildPhase;
			buildActionMask = 2147483647;
			files = (
				26183CB72A514BAB0038108B /* TextFieldTblCell.xib in Resources */,
				269AA92D2A45FFC60006CB17 /* Jost-Medium.ttf in Resources */,
				26CB64912A48251400A6C02F /* More.storyboard in Resources */,
				18779CD62A4DE51600180E4D /* PropertyImagesCell.xib in Resources */,
				269AA94C2A460B430006CB17 /* PropertiesTblCell.xib in Resources */,
				26269B9E2A46F491004BC63A /* AgentClcCell.xib in Resources */,
				26B99C942A4813BE004DF28F /* HomeVillaClcCell.xib in Resources */,
				269AA9452A460A390006CB17 /* HeaderView.xib in Resources */,
				269AA92C2A45FFC60006CB17 /* Jost-ExtraLight.ttf in Resources */,
				26CB64A32A4835E100A6C02F /* TagTblCell.xib in Resources */,
				269AA92A2A45FFC60006CB17 /* Jost-ExtraBoldItalic.ttf in Resources */,
				269AA9382A45FFC60006CB17 /* Jost-Light.ttf in Resources */,
				26269BA12A46FB25004BC63A /* Search.storyboard in Resources */,
				18779CD22A4DE50100180E4D /* FilterOptionCell.xib in Resources */,
				26183CC62A5182400038108B /* ProfessionalPhotoClcCell.xib in Resources */,
				269AA9322A45FFC60006CB17 /* Jost-Regular.ttf in Resources */,
				18779CCD2A4DE50100180E4D /* AdditionalDetailCell.xib in Resources */,
				269AA9302A45FFC60006CB17 /* Jost-LightItalic.ttf in Resources */,
				269AA9342A45FFC60006CB17 /* Jost-SemiBoldItalic.ttf in Resources */,
				269AA9372A45FFC60006CB17 /* Jost-ExtraBold.ttf in Resources */,
				269AA94F2A460E900006CB17 /* Jost-Heavy.ttf in Resources */,
				26CB649A2A48264F00A6C02F /* MoreTblCell.xib in Resources */,
				269AA9312A45FFC60006CB17 /* Jost-Black.ttf in Resources */,
				269AA9562A4617EF0006CB17 /* EnquiriesTblCell.xib in Resources */,
				269AA9502A460E900006CB17 /* Jost-HeavyItalic.ttf in Resources */,
				269AA9392A45FFC60006CB17 /* Jost-Thin.ttf in Resources */,
				26183CBB2A514C6B0038108B /* AddPictureTblCell.xib in Resources */,
				269AA8C42A45F92C0006CB17 /* Tabbar.storyboard in Resources */,
				269AA92E2A45FFC60006CB17 /* Jost-BlackItalic.ttf in Resources */,
				18779CB92A4DE39600180E4D /* AgentsOptionsCell.xib in Resources */,
				18779CD12A4DE50100180E4D /* FilterTypeCell.xib in Resources */,
				269AA9362A45FFC60006CB17 /* Jost-BoldItalic.ttf in Resources */,
				269AA92B2A45FFC60006CB17 /* Jost-ExtraLightItalic.ttf in Resources */,
				26269B972A46E7CD004BC63A /* EnquryDetailTblCell.xib in Resources */,
				2610F9162A42285100FE1738 /* LaunchScreen.storyboard in Resources */,
				269AA9412A4609650006CB17 /* Home.storyboard in Resources */,
				2610F9132A42285100FE1738 /* Assets.xcassets in Resources */,
				26269BAA2A47057E004BC63A /* PropertyClcCell.xib in Resources */,
				2610F9312A4229EF00FE1738 /* Jua-Regular.ttf in Resources */,
				269AA93A2A45FFC60006CB17 /* Jost-SemiBold.ttf in Resources */,
				269AA9352A45FFC60006CB17 /* Jost-ThinItalic.ttf in Resources */,
				269AA9332A45FFC60006CB17 /* Jost-Bold.ttf in Resources */,
				26269B932A46E283004BC63A /* AgentTblCell.xib in Resources */,
				26560D0C2A5014BB005E91F4 /* PropertyFooterView.xib in Resources */,
				269AA92F2A45FFC60006CB17 /* Jost-MediumItalic.ttf in Resources */,
				269AA93B2A45FFC60006CB17 /* Jost-Italic.ttf in Resources */,
				18779CBD2A4DE3BE00180E4D /* Agent.storyboard in Resources */,
				2610F9112A42284E00FE1738 /* Main.storyboard in Resources */,
			);
			runOnlyForDeploymentPostprocessing = 0;
		};
/* End PBXResourcesBuildPhase section */

/* Begin PBXShellScriptBuildPhase section */
		29AC936471DA210C7C0C8457 /* [CP] Check Pods Manifest.lock */ = {
			isa = PBXShellScriptBuildPhase;
			buildActionMask = 2147483647;
			files = (
			);
			inputFileListPaths = (
			);
			inputPaths = (
				"${PODS_PODFILE_DIR_PATH}/Podfile.lock",
				"${PODS_ROOT}/Manifest.lock",
			);
			name = "[CP] Check Pods Manifest.lock";
			outputFileListPaths = (
			);
			outputPaths = (
				"$(DERIVED_FILE_DIR)/Pods-RealEstate-checkManifestLockResult.txt",
			);
			runOnlyForDeploymentPostprocessing = 0;
			shellPath = /bin/sh;
			shellScript = "diff \"${PODS_PODFILE_DIR_PATH}/Podfile.lock\" \"${PODS_ROOT}/Manifest.lock\" > /dev/null\nif [ $? != 0 ] ; then\n    # print error to STDERR\n    echo \"error: The sandbox is not in sync with the Podfile.lock. Run 'pod install' or update your CocoaPods installation.\" >&2\n    exit 1\nfi\n# This output is used by Xcode 'outputs' to avoid re-running this script phase.\necho \"SUCCESS\" > \"${SCRIPT_OUTPUT_FILE_0}\"\n";
			showEnvVarsInLog = 0;
		};
		7AD250E656603951306A709C /* [CP] Embed Pods Frameworks */ = {
			isa = PBXShellScriptBuildPhase;
			buildActionMask = 2147483647;
			files = (
			);
			inputFileListPaths = (
				"${PODS_ROOT}/Target Support Files/Pods-RealEstate/Pods-RealEstate-frameworks-${CONFIGURATION}-input-files.xcfilelist",
			);
			name = "[CP] Embed Pods Frameworks";
			outputFileListPaths = (
				"${PODS_ROOT}/Target Support Files/Pods-RealEstate/Pods-RealEstate-frameworks-${CONFIGURATION}-output-files.xcfilelist",
			);
			runOnlyForDeploymentPostprocessing = 0;
			shellPath = /bin/sh;
			shellScript = "\"${PODS_ROOT}/Target Support Files/Pods-RealEstate/Pods-RealEstate-frameworks.sh\"\n";
			showEnvVarsInLog = 0;
		};
/* End PBXShellScriptBuildPhase section */

/* Begin PBXSourcesBuildPhase section */
		2610F9022A42284E00FE1738 /* Sources */ = {
			isa = PBXSourcesBuildPhase;
			buildActionMask = 2147483647;
			files = (
				18779CCF2A4DE50100180E4D /* FilterOptionCell.swift in Sources */,
				26C30E622A4DE86400BC0515 /* UserViewModel.swift in Sources */,
				18779CC52A4DE4E400180E4D /* PropertyDetailVC.swift in Sources */,
				269AA9552A4617EF0006CB17 /* EnquiriesTblCell.swift in Sources */,
				26269BA42A470414004BC63A /* SearchVC.swift in Sources */,
				26183CB32A514B2F0038108B /* SavePropertyVC.swift in Sources */,
				26560D072A501485005E91F4 /* AddPropertyNextVC.swift in Sources */,
				2610F9282A4228B200FE1738 /* DownloadCircularProgessView.swift in Sources */,
				26269B922A46E283004BC63A /* AgentTblCell.swift in Sources */,
				26CB64A52A483F8F00A6C02F /* HelperStruct.swift in Sources */,
				269AA9472A460A490006CB17 /* HeaderView.swift in Sources */,
				26C30E602A4DE84600BC0515 /* CommonModel.swift in Sources */,
				2610F90E2A42284E00FE1738 /* ViewController.swift in Sources */,
				269AA8C82A45FB9F0006CB17 /* RealEstateTabbarVC.swift in Sources */,
				26183CC52A5182400038108B /* ProfessionalPhotoClcCell.swift in Sources */,
				261BCAF72A436AB100B8EB0C /* UtilityMangr.swift in Sources */,
				18779CCE2A4DE50100180E4D /* FilterTypeCell.swift in Sources */,
				18779CC32A4DE4E400180E4D /* SearchDetailVC.swift in Sources */,
				261BCAEE2A43672200B8EB0C /* CreateAccountVC.swift in Sources */,
				26CB64A22A4835E100A6C02F /* TagTblCell.swift in Sources */,
				269AA93E2A4609380006CB17 /* HomeVC.swift in Sources */,
				26183CBA2A514C6B0038108B /* AddPictureTblCell.swift in Sources */,
				26CB64942A48262600A6C02F /* MoreVC.swift in Sources */,
				26269B962A46E7CD004BC63A /* EnquryDetailTblCell.swift in Sources */,
				26269B992A46EBDB004BC63A /* RealEstateProtocol.swift in Sources */,
				26B99C932A4813BE004DF28F /* HomeVillaClcCell.swift in Sources */,
				26183CC02A5181CB0038108B /* ProfessionalPhotoVC.swift in Sources */,
				269AA94B2A460B430006CB17 /* PropertiesTblCell.swift in Sources */,
				26560D0A2A5014B3005E91F4 /* PropertyFooterView.swift in Sources */,
				26B99C8E2A4812E6004DF28F /* HomeVillaVC.swift in Sources */,
				18779CBA2A4DE39600180E4D /* AgentsVC.swift in Sources */,
				2610F90A2A42284E00FE1738 /* AppDelegate.swift in Sources */,
				2610F9252A4228B200FE1738 /* ImageCustom.swift in Sources */,
				18779CB82A4DE39600180E4D /* AgentsOptionsCell.swift in Sources */,
				26183CBD2A517D080038108B /* PropertyAddedSuccessVC.swift in Sources */,
				26269BA92A47057E004BC63A /* PropertyClcCell.swift in Sources */,
				2610F9292A4228B200FE1738 /* TextFieldCustom.swift in Sources */,
				2610F9272A4228B200FE1738 /* LabelCustom.swift in Sources */,
				2610F9262A4228B200FE1738 /* ViewCustom.swift in Sources */,
				18779CD02A4DE50100180E4D /* AdditionalDetailCell.swift in Sources */,
				2610F92A2A4228B200FE1738 /* CustomPageControlView.swift in Sources */,
				26CB64992A48264F00A6C02F /* MoreTblCell.swift in Sources */,
				261BCAF52A436AB100B8EB0C /* Extension.swift in Sources */,
				261BCAF42A436AB100B8EB0C /* ImagePicker.swift in Sources */,
				261BCAF62A436AB100B8EB0C /* AppConstants.swift in Sources */,
				18779CC42A4DE4E400180E4D /* FilterVC.swift in Sources */,
				2610F92B2A4228B200FE1738 /* ButtonCustom.swift in Sources */,
				26269B9D2A46F491004BC63A /* AgentClcCell.swift in Sources */,
				26183CB62A514BAB0038108B /* TextFieldTblCell.swift in Sources */,
				2610F90C2A42284E00FE1738 /* SceneDelegate.swift in Sources */,
				18779CD52A4DE51600180E4D /* PropertyImagesCell.swift in Sources */,
				26CB649D2A48359E00A6C02F /* AddPropertyVC.swift in Sources */,
			);
			runOnlyForDeploymentPostprocessing = 0;
		};
/* End PBXSourcesBuildPhase section */

/* Begin PBXVariantGroup section */
		2610F90F2A42284E00FE1738 /* Main.storyboard */ = {
			isa = PBXVariantGroup;
			children = (
				2610F9102A42284E00FE1738 /* Base */,
			);
			name = Main.storyboard;
			sourceTree = "<group>";
		};
		2610F9142A42285100FE1738 /* LaunchScreen.storyboard */ = {
			isa = PBXVariantGroup;
			children = (
				2610F9152A42285100FE1738 /* Base */,
			);
			name = LaunchScreen.storyboard;
			sourceTree = "<group>";
		};
/* End PBXVariantGroup section */

/* Begin XCBuildConfiguration section */
		2610F9182A42285100FE1738 /* Debug */ = {
			isa = XCBuildConfiguration;
			buildSettings = {
				ALWAYS_SEARCH_USER_PATHS = NO;
				CLANG_ANALYZER_NONNULL = YES;
				CLANG_ANALYZER_NUMBER_OBJECT_CONVERSION = YES_AGGRESSIVE;
				CLANG_CXX_LANGUAGE_STANDARD = "gnu++20";
				CLANG_ENABLE_MODULES = YES;
				CLANG_ENABLE_OBJC_ARC = YES;
				CLANG_ENABLE_OBJC_WEAK = YES;
				CLANG_WARN_BLOCK_CAPTURE_AUTORELEASING = YES;
				CLANG_WARN_BOOL_CONVERSION = YES;
				CLANG_WARN_COMMA = YES;
				CLANG_WARN_CONSTANT_CONVERSION = YES;
				CLANG_WARN_DEPRECATED_OBJC_IMPLEMENTATIONS = YES;
				CLANG_WARN_DIRECT_OBJC_ISA_USAGE = YES_ERROR;
				CLANG_WARN_DOCUMENTATION_COMMENTS = YES;
				CLANG_WARN_EMPTY_BODY = YES;
				CLANG_WARN_ENUM_CONVERSION = YES;
				CLANG_WARN_INFINITE_RECURSION = YES;
				CLANG_WARN_INT_CONVERSION = YES;
				CLANG_WARN_NON_LITERAL_NULL_CONVERSION = YES;
				CLANG_WARN_OBJC_IMPLICIT_RETAIN_SELF = YES;
				CLANG_WARN_OBJC_LITERAL_CONVERSION = YES;
				CLANG_WARN_OBJC_ROOT_CLASS = YES_ERROR;
				CLANG_WARN_QUOTED_INCLUDE_IN_FRAMEWORK_HEADER = YES;
				CLANG_WARN_RANGE_LOOP_ANALYSIS = YES;
				CLANG_WARN_STRICT_PROTOTYPES = YES;
				CLANG_WARN_SUSPICIOUS_MOVE = YES;
				CLANG_WARN_UNGUARDED_AVAILABILITY = YES_AGGRESSIVE;
				CLANG_WARN_UNREACHABLE_CODE = YES;
				CLANG_WARN__DUPLICATE_METHOD_MATCH = YES;
				COPY_PHASE_STRIP = NO;
				DEBUG_INFORMATION_FORMAT = dwarf;
				ENABLE_STRICT_OBJC_MSGSEND = YES;
				ENABLE_TESTABILITY = YES;
				GCC_C_LANGUAGE_STANDARD = gnu11;
				GCC_DYNAMIC_NO_PIC = NO;
				GCC_NO_COMMON_BLOCKS = YES;
				GCC_OPTIMIZATION_LEVEL = 0;
				GCC_PREPROCESSOR_DEFINITIONS = (
					"DEBUG=1",
					"$(inherited)",
				);
				GCC_WARN_64_TO_32_BIT_CONVERSION = YES;
				GCC_WARN_ABOUT_RETURN_TYPE = YES_ERROR;
				GCC_WARN_UNDECLARED_SELECTOR = YES;
				GCC_WARN_UNINITIALIZED_AUTOS = YES_AGGRESSIVE;
				GCC_WARN_UNUSED_FUNCTION = YES;
				GCC_WARN_UNUSED_VARIABLE = YES;
				IPHONEOS_DEPLOYMENT_TARGET = 16.0;
				MTL_ENABLE_DEBUG_INFO = INCLUDE_SOURCE;
				MTL_FAST_MATH = YES;
				ONLY_ACTIVE_ARCH = YES;
				SDKROOT = iphoneos;
				SWIFT_ACTIVE_COMPILATION_CONDITIONS = DEBUG;
				SWIFT_OPTIMIZATION_LEVEL = "-Onone";
			};
			name = Debug;
		};
		2610F9192A42285100FE1738 /* Release */ = {
			isa = XCBuildConfiguration;
			buildSettings = {
				ALWAYS_SEARCH_USER_PATHS = NO;
				CLANG_ANALYZER_NONNULL = YES;
				CLANG_ANALYZER_NUMBER_OBJECT_CONVERSION = YES_AGGRESSIVE;
				CLANG_CXX_LANGUAGE_STANDARD = "gnu++20";
				CLANG_ENABLE_MODULES = YES;
				CLANG_ENABLE_OBJC_ARC = YES;
				CLANG_ENABLE_OBJC_WEAK = YES;
				CLANG_WARN_BLOCK_CAPTURE_AUTORELEASING = YES;
				CLANG_WARN_BOOL_CONVERSION = YES;
				CLANG_WARN_COMMA = YES;
				CLANG_WARN_CONSTANT_CONVERSION = YES;
				CLANG_WARN_DEPRECATED_OBJC_IMPLEMENTATIONS = YES;
				CLANG_WARN_DIRECT_OBJC_ISA_USAGE = YES_ERROR;
				CLANG_WARN_DOCUMENTATION_COMMENTS = YES;
				CLANG_WARN_EMPTY_BODY = YES;
				CLANG_WARN_ENUM_CONVERSION = YES;
				CLANG_WARN_INFINITE_RECURSION = YES;
				CLANG_WARN_INT_CONVERSION = YES;
				CLANG_WARN_NON_LITERAL_NULL_CONVERSION = YES;
				CLANG_WARN_OBJC_IMPLICIT_RETAIN_SELF = YES;
				CLANG_WARN_OBJC_LITERAL_CONVERSION = YES;
				CLANG_WARN_OBJC_ROOT_CLASS = YES_ERROR;
				CLANG_WARN_QUOTED_INCLUDE_IN_FRAMEWORK_HEADER = YES;
				CLANG_WARN_RANGE_LOOP_ANALYSIS = YES;
				CLANG_WARN_STRICT_PROTOTYPES = YES;
				CLANG_WARN_SUSPICIOUS_MOVE = YES;
				CLANG_WARN_UNGUARDED_AVAILABILITY = YES_AGGRESSIVE;
				CLANG_WARN_UNREACHABLE_CODE = YES;
				CLANG_WARN__DUPLICATE_METHOD_MATCH = YES;
				COPY_PHASE_STRIP = NO;
				DEBUG_INFORMATION_FORMAT = "dwarf-with-dsym";
				ENABLE_NS_ASSERTIONS = NO;
				ENABLE_STRICT_OBJC_MSGSEND = YES;
				GCC_C_LANGUAGE_STANDARD = gnu11;
				GCC_NO_COMMON_BLOCKS = YES;
				GCC_WARN_64_TO_32_BIT_CONVERSION = YES;
				GCC_WARN_ABOUT_RETURN_TYPE = YES_ERROR;
				GCC_WARN_UNDECLARED_SELECTOR = YES;
				GCC_WARN_UNINITIALIZED_AUTOS = YES_AGGRESSIVE;
				GCC_WARN_UNUSED_FUNCTION = YES;
				GCC_WARN_UNUSED_VARIABLE = YES;
				IPHONEOS_DEPLOYMENT_TARGET = 16.0;
				MTL_ENABLE_DEBUG_INFO = NO;
				MTL_FAST_MATH = YES;
				SDKROOT = iphoneos;
				SWIFT_COMPILATION_MODE = wholemodule;
				SWIFT_OPTIMIZATION_LEVEL = "-O";
				VALIDATE_PRODUCT = YES;
			};
			name = Release;
		};
		2610F91B2A42285100FE1738 /* Debug */ = {
			isa = XCBuildConfiguration;
			baseConfigurationReference = A590C2339F6BB41E5C8EA518 /* Pods-RealEstate.debug.xcconfig */;
			buildSettings = {
				ASSETCATALOG_COMPILER_APPICON_NAME = AppIcon;
				ASSETCATALOG_COMPILER_GLOBAL_ACCENT_COLOR_NAME = AccentColor;
				CODE_SIGN_STYLE = Automatic;
				CURRENT_PROJECT_VERSION = 1;
				GENERATE_INFOPLIST_FILE = YES;
				INFOPLIST_FILE = RealEstate/Info.plist;
				INFOPLIST_KEY_UIApplicationSupportsIndirectInputEvents = YES;
				INFOPLIST_KEY_UILaunchStoryboardName = LaunchScreen;
				INFOPLIST_KEY_UIMainStoryboardFile = Main;
				INFOPLIST_KEY_UISupportedInterfaceOrientations = UIInterfaceOrientationPortrait;
				INFOPLIST_KEY_UISupportedInterfaceOrientations_iPad = "UIInterfaceOrientationLandscapeLeft UIInterfaceOrientationLandscapeRight UIInterfaceOrientationPortrait UIInterfaceOrientationPortraitUpsideDown";
				IPHONEOS_DEPLOYMENT_TARGET = 13.0;
				LD_RUNPATH_SEARCH_PATHS = (
					"$(inherited)",
					"@executable_path/Frameworks",
				);
				MARKETING_VERSION = 1.0;
				PRODUCT_BUNDLE_IDENTIFIER = com.real.RealEstate;
				PRODUCT_NAME = "$(TARGET_NAME)";
				SWIFT_EMIT_LOC_STRINGS = YES;
				SWIFT_VERSION = 5.0;
				TARGETED_DEVICE_FAMILY = "1,2";
			};
			name = Debug;
		};
		2610F91C2A42285100FE1738 /* Release */ = {
			isa = XCBuildConfiguration;
			baseConfigurationReference = 34A84E649EC9DBF34ECC821D /* Pods-RealEstate.release.xcconfig */;
			buildSettings = {
				ASSETCATALOG_COMPILER_APPICON_NAME = AppIcon;
				ASSETCATALOG_COMPILER_GLOBAL_ACCENT_COLOR_NAME = AccentColor;
				CODE_SIGN_STYLE = Automatic;
				CURRENT_PROJECT_VERSION = 1;
				GENERATE_INFOPLIST_FILE = YES;
				INFOPLIST_FILE = RealEstate/Info.plist;
				INFOPLIST_KEY_UIApplicationSupportsIndirectInputEvents = YES;
				INFOPLIST_KEY_UILaunchStoryboardName = LaunchScreen;
				INFOPLIST_KEY_UIMainStoryboardFile = Main;
				INFOPLIST_KEY_UISupportedInterfaceOrientations = UIInterfaceOrientationPortrait;
				INFOPLIST_KEY_UISupportedInterfaceOrientations_iPad = "UIInterfaceOrientationLandscapeLeft UIInterfaceOrientationLandscapeRight UIInterfaceOrientationPortrait UIInterfaceOrientationPortraitUpsideDown";
				IPHONEOS_DEPLOYMENT_TARGET = 13.0;
				LD_RUNPATH_SEARCH_PATHS = (
					"$(inherited)",
					"@executable_path/Frameworks",
				);
				MARKETING_VERSION = 1.0;
				PRODUCT_BUNDLE_IDENTIFIER = com.real.RealEstate;
				PRODUCT_NAME = "$(TARGET_NAME)";
				SWIFT_EMIT_LOC_STRINGS = YES;
				SWIFT_VERSION = 5.0;
				TARGETED_DEVICE_FAMILY = "1,2";
			};
			name = Release;
		};
/* End XCBuildConfiguration section */

/* Begin XCConfigurationList section */
		2610F9012A42284E00FE1738 /* Build configuration list for PBXProject "RealEstate" */ = {
			isa = XCConfigurationList;
			buildConfigurations = (
				2610F9182A42285100FE1738 /* Debug */,
				2610F9192A42285100FE1738 /* Release */,
			);
			defaultConfigurationIsVisible = 0;
			defaultConfigurationName = Release;
		};
		2610F91A2A42285100FE1738 /* Build configuration list for PBXNativeTarget "RealEstate" */ = {
			isa = XCConfigurationList;
			buildConfigurations = (
				2610F91B2A42285100FE1738 /* Debug */,
				2610F91C2A42285100FE1738 /* Release */,
			);
			defaultConfigurationIsVisible = 0;
			defaultConfigurationName = Release;
		};
/* End XCConfigurationList section */
	};
	rootObject = 2610F8FE2A42284E00FE1738 /* Project object */;
}
